{
  "originHash" : "f88086ce5742d9926641c64c12d776b2d08cadf0d8cf0aa3cd77e6129874d531",
  "pins" : [
    {
      "identity" : "networklayer",
      "kind" : "remoteSourceControl",
      "location" : "https://github.com/obadasemary/NetworkLayer.git",
      "state" : {
        "revision" : "fa83ee4d7b533fdf4889501b9caeac2cb5a879ba",
        "version" : "1.0.5"
      }
    }
  ],
  "version" : 3
}
